
Microsoft Visual Studio Solution File, Format Version 12.00
# Visual Studio Version 17
VisualStudioVersion = 17.14.36203.30 d17.14
MinimumVisualStudioVersion = 10.0.40219.1
Project("{FAE04EC0-301F-11D3-BF4B-00C04F79EFBC}") = "HudSprite", "HudSprite\HudSprite.csproj", "{7B87D007-E596-4B35-8893-AE5F75FF761B}"
EndProject
Global
	GlobalSection(SolutionConfigurationPlatforms) = preSolution
		Debug|Any CPU = Debug|Any CPU
		Release|Any CPU = Release|Any CPU
	EndGlobalSection
	GlobalSection(ProjectConfigurationPlatforms) = postSolution
		{7B87D007-E596-4B35-8893-AE5F75FF761B}.Debug|Any CPU.ActiveCfg = Debug|Any CPU
		{7B87D007-E596-4B35-8893-AE5F75FF761B}.Debug|Any CPU.Build.0 = Debug|Any CPU
		{7B87D007-E596-4B35-8893-AE5F75FF761B}.Release|Any CPU.ActiveCfg = Release|Any CPU
		{7B87D007-E596-4B35-8893-AE5F75FF761B}.Release|Any CPU.Build.0 = Release|Any CPU
	EndGlobalSection
	GlobalSection(SolutionProperties) = preSolution
		HideSolutionNode = FALSE
	EndGlobalSection
	GlobalSection(ExtensibilityGlobals) = postSolution
		SolutionGuid = {21244816-0C82-4AE7-955A-0C5595B58642}
	EndGlobalSection
EndGlobal
